
Microsoft Visual Studio Solution File, Format Version 12.00
# Visual Studio 15
VisualStudioVersion = 15.0.28307.539
MinimumVisualStudioVersion = 10.0.40219.1
Project("{FAE04EC0-301F-11D3-BF4B-00C04F79EFBC}") = "DotNetStart", "DotNetStart\DotNetStart.csproj", "{083B0E8C-14FA-4D3B-BC2D-00AB499459C3}"
EndProject
Global
	GlobalSection(SolutionConfigurationPlatforms) = preSolution
		Debug|Any CPU = Debug|Any CPU
		Release|Any CPU = Release|Any CPU
	EndGlobalSection
	GlobalSection(ProjectConfigurationPlatforms) = postSolution
		{083B0E8C-14FA-4D3B-BC2D-00AB499459C3}.Debug|Any CPU.ActiveCfg = Debug|Any CPU
		{083B0E8C-14FA-4D3B-BC2D-00AB499459C3}.Debug|Any CPU.Build.0 = Debug|Any CPU
		{083B0E8C-14FA-4D3B-BC2D-00AB499459C3}.Release|Any CPU.ActiveCfg = Release|Any CPU
		{083B0E8C-14FA-4D3B-BC2D-00AB499459C3}.Release|Any CPU.Build.0 = Release|Any CPU
	EndGlobalSection
	GlobalSection(SolutionProperties) = preSolution
		HideSolutionNode = FALSE
	EndGlobalSection
	GlobalSection(ExtensibilityGlobals) = postSolution
		SolutionGuid = {A83940F3-4200-41E4-A16D-8001239C4363}
	EndGlobalSection
EndGlobal
