
Microsoft Visual Studio Solution File, Format Version 12.00
# Visual Studio 15
VisualStudioVersion = 15.0.28307.539
MinimumVisualStudioVersion = 10.0.40219.1
Project("{FAE04EC0-301F-11D3-BF4B-00C04F79EFBC}") = "TodoApp", "TodoApp\TodoApp.csproj", "{73BF6F72-59EE-4B5E-8A51-05413692F74C}"
EndProject
Global
	GlobalSection(SolutionConfigurationPlatforms) = preSolution
		Debug|Any CPU = Debug|Any CPU
		Release|Any CPU = Release|Any CPU
	EndGlobalSection
	GlobalSection(ProjectConfigurationPlatforms) = postSolution
		{73BF6F72-59EE-4B5E-8A51-05413692F74C}.Debug|Any CPU.ActiveCfg = Debug|Any CPU
		{73BF6F72-59EE-4B5E-8A51-05413692F74C}.Debug|Any CPU.Build.0 = Debug|Any CPU
		{73BF6F72-59EE-4B5E-8A51-05413692F74C}.Release|Any CPU.ActiveCfg = Release|Any CPU
		{73BF6F72-59EE-4B5E-8A51-05413692F74C}.Release|Any CPU.Build.0 = Release|Any CPU
	EndGlobalSection
	GlobalSection(SolutionProperties) = preSolution
		HideSolutionNode = FALSE
	EndGlobalSection
	GlobalSection(ExtensibilityGlobals) = postSolution
		SolutionGuid = {00B6240D-CC0D-45F0-BC83-F7EA60F991BE}
	EndGlobalSection
EndGlobal
