
Microsoft Visual Studio Solution File, Format Version 12.00
# Visual Studio 15
VisualStudioVersion = 15.0.28307.539
MinimumVisualStudioVersion = 10.0.40219.1
Project("{9A19103F-16F7-4668-BE54-9A1E7A4F7556}") = "IntegrationTestBasics", "IntegrationTestBasics\IntegrationTestBasics.csproj", "{12AB09CF-F198-4128-AD84-83570525549F}"
EndProject
Project("{FAE04EC0-301F-11D3-BF4B-00C04F79EFBC}") = "IntegrationTestBasics.IntegrationTests", "IntegrationTestBasics.IntegrationTests\IntegrationTestBasics.IntegrationTests.csproj", "{0BA0EF16-760A-4B21-B11D-32BC0BA342A3}"
EndProject
Global
	GlobalSection(SolutionConfigurationPlatforms) = preSolution
		Debug|Any CPU = Debug|Any CPU
		Release|Any CPU = Release|Any CPU
	EndGlobalSection
	GlobalSection(ProjectConfigurationPlatforms) = postSolution
		{12AB09CF-F198-4128-AD84-83570525549F}.Debug|Any CPU.ActiveCfg = Debug|Any CPU
		{12AB09CF-F198-4128-AD84-83570525549F}.Debug|Any CPU.Build.0 = Debug|Any CPU
		{12AB09CF-F198-4128-AD84-83570525549F}.Release|Any CPU.ActiveCfg = Release|Any CPU
		{12AB09CF-F198-4128-AD84-83570525549F}.Release|Any CPU.Build.0 = Release|Any CPU
		{0BA0EF16-760A-4B21-B11D-32BC0BA342A3}.Debug|Any CPU.ActiveCfg = Debug|Any CPU
		{0BA0EF16-760A-4B21-B11D-32BC0BA342A3}.Debug|Any CPU.Build.0 = Debug|Any CPU
		{0BA0EF16-760A-4B21-B11D-32BC0BA342A3}.Release|Any CPU.ActiveCfg = Release|Any CPU
		{0BA0EF16-760A-4B21-B11D-32BC0BA342A3}.Release|Any CPU.Build.0 = Release|Any CPU
	EndGlobalSection
	GlobalSection(SolutionProperties) = preSolution
		HideSolutionNode = FALSE
	EndGlobalSection
	GlobalSection(ExtensibilityGlobals) = postSolution
		SolutionGuid = {07DC02CC-DC20-4B18-BB87-2F0D4C283C5E}
	EndGlobalSection
EndGlobal
