
Microsoft Visual Studio Solution File, Format Version 12.00
# Visual Studio 15
VisualStudioVersion = 15.0.28307.539
MinimumVisualStudioVersion = 10.0.40219.1
Project("{FAE04EC0-301F-11D3-BF4B-00C04F79EFBC}") = "AuthenticationBasics", "AuthenticationBasics\AuthenticationBasics.csproj", "{35FC8C29-EC95-4B68-BE89-21882E1343A7}"
EndProject
Global
	GlobalSection(SolutionConfigurationPlatforms) = preSolution
		Debug|Any CPU = Debug|Any CPU
		Release|Any CPU = Release|Any CPU
	EndGlobalSection
	GlobalSection(ProjectConfigurationPlatforms) = postSolution
		{35FC8C29-EC95-4B68-BE89-21882E1343A7}.Debug|Any CPU.ActiveCfg = Debug|Any CPU
		{35FC8C29-EC95-4B68-BE89-21882E1343A7}.Debug|Any CPU.Build.0 = Debug|Any CPU
		{35FC8C29-EC95-4B68-BE89-21882E1343A7}.Release|Any CPU.ActiveCfg = Release|Any CPU
		{35FC8C29-EC95-4B68-BE89-21882E1343A7}.Release|Any CPU.Build.0 = Release|Any CPU
	EndGlobalSection
	GlobalSection(SolutionProperties) = preSolution
		HideSolutionNode = FALSE
	EndGlobalSection
	GlobalSection(ExtensibilityGlobals) = postSolution
		SolutionGuid = {7B8BFAA8-2E20-41DB-983B-4D559310901E}
	EndGlobalSection
EndGlobal
