
Microsoft Visual Studio Solution File, Format Version 12.00
# Visual Studio 15
VisualStudioVersion = 15.0.28307.539
MinimumVisualStudioVersion = 10.0.40219.1
Project("{FAE04EC0-301F-11D3-BF4B-00C04F79EFBC}") = "DelegatePractice", "DelegatePractice.csproj", "{1510B3BF-8290-44E0-8B96-62B69C451F24}"
EndProject
Global
	GlobalSection(SolutionConfigurationPlatforms) = preSolution
		Debug|Any CPU = Debug|Any CPU
		Release|Any CPU = Release|Any CPU
	EndGlobalSection
	GlobalSection(ProjectConfigurationPlatforms) = postSolution
		{1510B3BF-8290-44E0-8B96-62B69C451F24}.Debug|Any CPU.ActiveCfg = Debug|Any CPU
		{1510B3BF-8290-44E0-8B96-62B69C451F24}.Debug|Any CPU.Build.0 = Debug|Any CPU
		{1510B3BF-8290-44E0-8B96-62B69C451F24}.Release|Any CPU.ActiveCfg = Release|Any CPU
		{1510B3BF-8290-44E0-8B96-62B69C451F24}.Release|Any CPU.Build.0 = Release|Any CPU
	EndGlobalSection
	GlobalSection(SolutionProperties) = preSolution
		HideSolutionNode = FALSE
	EndGlobalSection
	GlobalSection(ExtensibilityGlobals) = postSolution
		SolutionGuid = {84159041-9003-4346-A75C-70FE2DA5F735}
	EndGlobalSection
EndGlobal
