
Microsoft Visual Studio Solution File, Format Version 12.00
# Visual Studio 15
VisualStudioVersion = 15.0.28307.539
MinimumVisualStudioVersion = 10.0.40219.1
Project("{FAE04EC0-301F-11D3-BF4B-00C04F79EFBC}") = "Pirates", "Pirates.csproj", "{001E61E9-2D5E-4C0D-BA99-2481B69F23FA}"
EndProject
Global
	GlobalSection(SolutionConfigurationPlatforms) = preSolution
		Debug|Any CPU = Debug|Any CPU
		Release|Any CPU = Release|Any CPU
	EndGlobalSection
	GlobalSection(ProjectConfigurationPlatforms) = postSolution
		{001E61E9-2D5E-4C0D-BA99-2481B69F23FA}.Debug|Any CPU.ActiveCfg = Debug|Any CPU
		{001E61E9-2D5E-4C0D-BA99-2481B69F23FA}.Debug|Any CPU.Build.0 = Debug|Any CPU
		{001E61E9-2D5E-4C0D-BA99-2481B69F23FA}.Release|Any CPU.ActiveCfg = Release|Any CPU
		{001E61E9-2D5E-4C0D-BA99-2481B69F23FA}.Release|Any CPU.Build.0 = Release|Any CPU
	EndGlobalSection
	GlobalSection(SolutionProperties) = preSolution
		HideSolutionNode = FALSE
	EndGlobalSection
	GlobalSection(ExtensibilityGlobals) = postSolution
		SolutionGuid = {B8C8AE90-573E-48D6-906D-85F8D533A8A9}
	EndGlobalSection
EndGlobal
